
Microsoft Visual Studio Solution File, Format Version 12.00
# Visual Studio Version 17
VisualStudioVersion = 17.5.33627.172
MinimumVisualStudioVersion = 10.0.40219.1
Project("{FAE04EC0-301F-11D3-BF4B-00C04F79EFBC}") = "Programm", "Programm\Programm.csproj", "{A2DAD2E5-F2B1-46B5-A41E-8B41CFDB6F39}"
EndProject
Project("{FAE04EC0-301F-11D3-BF4B-00C04F79EFBC}") = "ПриложениеСотрудников", "ПриложениеСотрудников\ПриложениеСотрудников.csproj", "{9BD40534-C049-4799-9A5C-23425F207E05}"
EndProject
Global
	GlobalSection(SolutionConfigurationPlatforms) = preSolution
		Debug|Any CPU = Debug|Any CPU
		Release|Any CPU = Release|Any CPU
	EndGlobalSection
	GlobalSection(ProjectConfigurationPlatforms) = postSolution
		{A2DAD2E5-F2B1-46B5-A41E-8B41CFDB6F39}.Debug|Any CPU.ActiveCfg = Debug|Any CPU
		{A2DAD2E5-F2B1-46B5-A41E-8B41CFDB6F39}.Debug|Any CPU.Build.0 = Debug|Any CPU
		{A2DAD2E5-F2B1-46B5-A41E-8B41CFDB6F39}.Release|Any CPU.ActiveCfg = Release|Any CPU
		{A2DAD2E5-F2B1-46B5-A41E-8B41CFDB6F39}.Release|Any CPU.Build.0 = Release|Any CPU
		{9BD40534-C049-4799-9A5C-23425F207E05}.Debug|Any CPU.ActiveCfg = Debug|Any CPU
		{9BD40534-C049-4799-9A5C-23425F207E05}.Debug|Any CPU.Build.0 = Debug|Any CPU
		{9BD40534-C049-4799-9A5C-23425F207E05}.Release|Any CPU.ActiveCfg = Release|Any CPU
		{9BD40534-C049-4799-9A5C-23425F207E05}.Release|Any CPU.Build.0 = Release|Any CPU
	EndGlobalSection
	GlobalSection(SolutionProperties) = preSolution
		HideSolutionNode = FALSE
	EndGlobalSection
	GlobalSection(ExtensibilityGlobals) = postSolution
		SolutionGuid = {099B9361-A913-46E1-BB43-93FDA8D1BA03}
	EndGlobalSection
EndGlobal
